
Microsoft Visual Studio Solution File, Format Version 11.00
# Visual Studio 2010
Project("{FAE04EC0-301F-11D3-BF4B-00C04F79EFBC}") = "ArduinoDancer", "Assembly-CSharp-firstpass.csproj", "{62BE95CE-1D2E-C46F-2E2A-31B209542823}"
EndProject
Project("{FAE04EC0-301F-11D3-BF4B-00C04F79EFBC}") = "ArduinoDancer", "Assembly-CSharp.csproj", "{79525459-42F9-AC86-4EE0-758E72C02F58}"
EndProject
Global
	GlobalSection(SolutionConfigurationPlatforms) = preSolution
		Debug|Any CPU = Debug|Any CPU
		Release|Any CPU = Release|Any CPU
	EndGlobalSection
	GlobalSection(ProjectConfigurationPlatforms) = postSolution
		{62BE95CE-1D2E-C46F-2E2A-31B209542823}.Debug|Any CPU.ActiveCfg = Debug|Any CPU
		{62BE95CE-1D2E-C46F-2E2A-31B209542823}.Debug|Any CPU.Build.0 = Debug|Any CPU
		{62BE95CE-1D2E-C46F-2E2A-31B209542823}.Release|Any CPU.ActiveCfg = Release|Any CPU
		{62BE95CE-1D2E-C46F-2E2A-31B209542823}.Release|Any CPU.Build.0 = Release|Any CPU
		{79525459-42F9-AC86-4EE0-758E72C02F58}.Debug|Any CPU.ActiveCfg = Debug|Any CPU
		{79525459-42F9-AC86-4EE0-758E72C02F58}.Debug|Any CPU.Build.0 = Debug|Any CPU
		{79525459-42F9-AC86-4EE0-758E72C02F58}.Release|Any CPU.ActiveCfg = Release|Any CPU
		{79525459-42F9-AC86-4EE0-758E72C02F58}.Release|Any CPU.Build.0 = Release|Any CPU
	EndGlobalSection
	GlobalSection(SolutionProperties) = preSolution
		HideSolutionNode = FALSE
	EndGlobalSection
	GlobalSection(MonoDevelopProperties) = preSolution
		StartupItem = Assembly-CSharp.csproj
	EndGlobalSection
EndGlobal
