
Microsoft Visual Studio Solution File, Format Version 11.00
# Visual Studio 2010
Project("{FAE04EC0-301F-11D3-BF4B-00C04F79EFBC}") = "Heartbeat", "Assembly-CSharp-firstpass.csproj", "{A718ED45-A1B9-EE26-0BD7-DD4D0B7D400C}"
EndProject
Project("{FAE04EC0-301F-11D3-BF4B-00C04F79EFBC}") = "Heartbeat", "Assembly-CSharp.csproj", "{964D7D85-1BC9-D4E8-5D08-51FFBDC2E0F3}"
EndProject
Global
	GlobalSection(SolutionConfigurationPlatforms) = preSolution
		Debug|Any CPU = Debug|Any CPU
		Release|Any CPU = Release|Any CPU
	EndGlobalSection
	GlobalSection(ProjectConfigurationPlatforms) = postSolution
		{A718ED45-A1B9-EE26-0BD7-DD4D0B7D400C}.Debug|Any CPU.ActiveCfg = Debug|Any CPU
		{A718ED45-A1B9-EE26-0BD7-DD4D0B7D400C}.Debug|Any CPU.Build.0 = Debug|Any CPU
		{A718ED45-A1B9-EE26-0BD7-DD4D0B7D400C}.Release|Any CPU.ActiveCfg = Release|Any CPU
		{A718ED45-A1B9-EE26-0BD7-DD4D0B7D400C}.Release|Any CPU.Build.0 = Release|Any CPU
		{964D7D85-1BC9-D4E8-5D08-51FFBDC2E0F3}.Debug|Any CPU.ActiveCfg = Debug|Any CPU
		{964D7D85-1BC9-D4E8-5D08-51FFBDC2E0F3}.Debug|Any CPU.Build.0 = Debug|Any CPU
		{964D7D85-1BC9-D4E8-5D08-51FFBDC2E0F3}.Release|Any CPU.ActiveCfg = Release|Any CPU
		{964D7D85-1BC9-D4E8-5D08-51FFBDC2E0F3}.Release|Any CPU.Build.0 = Release|Any CPU
	EndGlobalSection
	GlobalSection(SolutionProperties) = preSolution
		HideSolutionNode = FALSE
	EndGlobalSection
	GlobalSection(MonoDevelopProperties) = preSolution
		StartupItem = Assembly-CSharp.csproj
	EndGlobalSection
EndGlobal
